
Microsoft Visual Studio Solution File, Format Version 12.00
# Visual Studio Version 16
VisualStudioVersion = 16.0.30517.126
MinimumVisualStudioVersion = 10.0.40219.1
Project("{8BC9CEB8-8B4A-11D0-8D11-00A0C91BC942}") = "OriginGame", "OriginGame.vcxproj", "{B0FFB5A7-9B1E-43A9-9724-94D290D4F843}"
EndProject
Project("{8BC9CEB8-8B4A-11D0-8D11-00A0C91BC942}") = "Origin", "..\Origin\Origin.vcxproj", "{C24EE53C-E81A-4D4D-A2A6-72B07775D61C}"
EndProject
Global
	GlobalSection(SolutionConfigurationPlatforms) = preSolution
		Debug|x64 = Debug|x64
		Debug|x86 = Debug|x86
		Release|x64 = Release|x64
		Release|x86 = Release|x86
	EndGlobalSection
	GlobalSection(ProjectConfigurationPlatforms) = postSolution
		{B0FFB5A7-9B1E-43A9-9724-94D290D4F843}.Debug|x64.ActiveCfg = Debug|x64
		{B0FFB5A7-9B1E-43A9-9724-94D290D4F843}.Debug|x64.Build.0 = Debug|x64
		{B0FFB5A7-9B1E-43A9-9724-94D290D4F843}.Debug|x86.ActiveCfg = Debug|Win32
		{B0FFB5A7-9B1E-43A9-9724-94D290D4F843}.Debug|x86.Build.0 = Debug|Win32
		{B0FFB5A7-9B1E-43A9-9724-94D290D4F843}.Release|x64.ActiveCfg = Release|x64
		{B0FFB5A7-9B1E-43A9-9724-94D290D4F843}.Release|x64.Build.0 = Release|x64
		{B0FFB5A7-9B1E-43A9-9724-94D290D4F843}.Release|x86.ActiveCfg = Release|Win32
		{B0FFB5A7-9B1E-43A9-9724-94D290D4F843}.Release|x86.Build.0 = Release|Win32
		{C24EE53C-E81A-4D4D-A2A6-72B07775D61C}.Debug|x64.ActiveCfg = Debug|x64
		{C24EE53C-E81A-4D4D-A2A6-72B07775D61C}.Debug|x64.Build.0 = Debug|x64
		{C24EE53C-E81A-4D4D-A2A6-72B07775D61C}.Debug|x86.ActiveCfg = Debug|Win32
		{C24EE53C-E81A-4D4D-A2A6-72B07775D61C}.Debug|x86.Build.0 = Debug|Win32
		{C24EE53C-E81A-4D4D-A2A6-72B07775D61C}.Release|x64.ActiveCfg = Release|x64
		{C24EE53C-E81A-4D4D-A2A6-72B07775D61C}.Release|x64.Build.0 = Release|x64
		{C24EE53C-E81A-4D4D-A2A6-72B07775D61C}.Release|x86.ActiveCfg = Release|Win32
		{C24EE53C-E81A-4D4D-A2A6-72B07775D61C}.Release|x86.Build.0 = Release|Win32
	EndGlobalSection
	GlobalSection(SolutionProperties) = preSolution
		HideSolutionNode = FALSE
	EndGlobalSection
	GlobalSection(ExtensibilityGlobals) = postSolution
		SolutionGuid = {DC7DF78C-7B3E-4F0D-9B79-5877D3272418}
	EndGlobalSection
EndGlobal
